
Microsoft Visual Studio Solution File, Format Version 12.00
# Visual Studio 15
VisualStudioVersion = 15.0.28010.2016
MinimumVisualStudioVersion = 10.0.40219.1
Project("{FAE04EC0-301F-11D3-BF4B-00C04F79EFBC}") = "Calendar_cs_ver", "Calendar_cs_ver\Calendar_cs_ver.csproj", "{AE808C1E-8323-473D-ADBB-9F858B5D3F7D}"
EndProject
Global
	GlobalSection(SolutionConfigurationPlatforms) = preSolution
		Debug|Any CPU = Debug|Any CPU
		Release|Any CPU = Release|Any CPU
	EndGlobalSection
	GlobalSection(ProjectConfigurationPlatforms) = postSolution
		{AE808C1E-8323-473D-ADBB-9F858B5D3F7D}.Debug|Any CPU.ActiveCfg = Debug|Any CPU
		{AE808C1E-8323-473D-ADBB-9F858B5D3F7D}.Debug|Any CPU.Build.0 = Debug|Any CPU
		{AE808C1E-8323-473D-ADBB-9F858B5D3F7D}.Release|Any CPU.ActiveCfg = Release|Any CPU
		{AE808C1E-8323-473D-ADBB-9F858B5D3F7D}.Release|Any CPU.Build.0 = Release|Any CPU
	EndGlobalSection
	GlobalSection(SolutionProperties) = preSolution
		HideSolutionNode = FALSE
	EndGlobalSection
	GlobalSection(ExtensibilityGlobals) = postSolution
		SolutionGuid = {B9B58589-2258-4132-8844-019169D51831}
	EndGlobalSection
EndGlobal
