
Microsoft Visual Studio Solution File, Format Version 12.00
# Visual Studio 15
VisualStudioVersion = 15.0.28010.2016
MinimumVisualStudioVersion = 10.0.40219.1
Project("{8BC9CEB8-8B4A-11D0-8D11-00A0C91BC942}") = "Calendar_thicch_ver", "Calendar_thicch_ver\Calendar_thicch_ver.vcxproj", "{0A9E75DA-A3F1-400E-897F-9162FE9668F1}"
EndProject
Global
	GlobalSection(SolutionConfigurationPlatforms) = preSolution
		Debug|x64 = Debug|x64
		Debug|x86 = Debug|x86
		Release|x64 = Release|x64
		Release|x86 = Release|x86
	EndGlobalSection
	GlobalSection(ProjectConfigurationPlatforms) = postSolution
		{0A9E75DA-A3F1-400E-897F-9162FE9668F1}.Debug|x64.ActiveCfg = Debug|x64
		{0A9E75DA-A3F1-400E-897F-9162FE9668F1}.Debug|x64.Build.0 = Debug|x64
		{0A9E75DA-A3F1-400E-897F-9162FE9668F1}.Debug|x86.ActiveCfg = Debug|Win32
		{0A9E75DA-A3F1-400E-897F-9162FE9668F1}.Debug|x86.Build.0 = Debug|Win32
		{0A9E75DA-A3F1-400E-897F-9162FE9668F1}.Release|x64.ActiveCfg = Release|x64
		{0A9E75DA-A3F1-400E-897F-9162FE9668F1}.Release|x64.Build.0 = Release|x64
		{0A9E75DA-A3F1-400E-897F-9162FE9668F1}.Release|x86.ActiveCfg = Release|Win32
		{0A9E75DA-A3F1-400E-897F-9162FE9668F1}.Release|x86.Build.0 = Release|Win32
	EndGlobalSection
	GlobalSection(SolutionProperties) = preSolution
		HideSolutionNode = FALSE
	EndGlobalSection
	GlobalSection(ExtensibilityGlobals) = postSolution
		SolutionGuid = {0CB74214-0F99-4567-B57E-0611FCBE6378}
	EndGlobalSection
EndGlobal
