
Microsoft Visual Studio Solution File, Format Version 12.00
# Visual Studio 15
VisualStudioVersion = 15.0.28010.2016
MinimumVisualStudioVersion = 10.0.40219.1
Project("{FAE04EC0-301F-11D3-BF4B-00C04F79EFBC}") = "EventManager", "EventManager\EventManager.csproj", "{41286207-511F-4A1D-8EFD-24D0ED03FBF8}"
EndProject
Global
	GlobalSection(SolutionConfigurationPlatforms) = preSolution
		Debug|Any CPU = Debug|Any CPU
		Release|Any CPU = Release|Any CPU
	EndGlobalSection
	GlobalSection(ProjectConfigurationPlatforms) = postSolution
		{41286207-511F-4A1D-8EFD-24D0ED03FBF8}.Debug|Any CPU.ActiveCfg = Debug|Any CPU
		{41286207-511F-4A1D-8EFD-24D0ED03FBF8}.Debug|Any CPU.Build.0 = Debug|Any CPU
		{41286207-511F-4A1D-8EFD-24D0ED03FBF8}.Release|Any CPU.ActiveCfg = Release|Any CPU
		{41286207-511F-4A1D-8EFD-24D0ED03FBF8}.Release|Any CPU.Build.0 = Release|Any CPU
	EndGlobalSection
	GlobalSection(SolutionProperties) = preSolution
		HideSolutionNode = FALSE
	EndGlobalSection
	GlobalSection(ExtensibilityGlobals) = postSolution
		SolutionGuid = {5F246DC3-D5C8-4211-A22F-725932650656}
	EndGlobalSection
EndGlobal
